// !$*UTF8*$!
{
	archiveVersion = 1;
	classes = {
	};
	objectVersion = 46;
	objects = {

/* Begin PBXBuildFile section */
		325B01F91DC714900077B686 /* AppDelegate.swift in Sources */ = {isa = PBXBuildFile; fileRef = 325B01F81DC714900077B686 /* AppDelegate.swift */; };
		325B01FB1DC714900077B686 /* FirstViewController.swift in Sources */ = {isa = PBXBuildFile; fileRef = 325B01FA1DC714900077B686 /* FirstViewController.swift */; };
		325B01FD1DC714900077B686 /* SecondViewController.swift in Sources */ = {isa = PBXBuildFile; fileRef = 325B01FC1DC714900077B686 /* SecondViewController.swift */; };
		325B02001DC714900077B686 /* Main.storyboard in Resources */ = {isa = PBXBuildFile; fileRef = 325B01FE1DC714900077B686 /* Main.storyboard */; };
		325B02021DC714900077B686 /* Assets.xcassets in Resources */ = {isa = PBXBuildFile; fileRef = 325B02011DC714900077B686 /* Assets.xcassets */; };
		325B02051DC714900077B686 /* LaunchScreen.storyboard in Resources */ = {isa = PBXBuildFile; fileRef = 325B02031DC714900077B686 /* LaunchScreen.storyboard */; };
/* End PBXBuildFile section */

/* Begin PBXFileReference section */
		325B01F51DC714900077B686 /* mockWKWebView2.app */ = {isa = PBXFileReference; explicitFileType = wrapper.application; includeInIndex = 0; path = mockWKWebView2.app; sourceTree = BUILT_PRODUCTS_DIR; };
		325B01F81DC714900077B686 /* AppDelegate.swift */ = {isa = PBXFileReference; lastKnownFileType = sourcecode.swift; path = AppDelegate.swift; sourceTree = "<group>"; };
		325B01FA1DC714900077B686 /* FirstViewController.swift */ = {isa = PBXFileReference; lastKnownFileType = sourcecode.swift; path = FirstViewController.swift; sourceTree = "<group>"; };
		325B01FC1DC714900077B686 /* SecondViewController.swift */ = {isa = PBXFileReference; lastKnownFileType = sourcecode.swift; path = SecondViewController.swift; sourceTree = "<group>"; };
		325B01FF1DC714900077B686 /* Base */ = {isa = PBXFileReference; lastKnownFileType = file.storyboard; name = Base; path = Base.lproj/Main.storyboard; sourceTree = "<group>"; };
		325B02011DC714900077B686 /* Assets.xcassets */ = {isa = PBXFileReference; lastKnownFileType = folder.assetcatalog; path = Assets.xcassets; sourceTree = "<group>"; };
		325B02041DC714900077B686 /* Base */ = {isa = PBXFileReference; lastKnownFileType = file.storyboard; name = Base; path = Base.lproj/LaunchScreen.storyboard; sourceTree = "<group>"; };
		325B02061DC714900077B686 /* Info.plist */ = {isa = PBXFileReference; lastKnownFileType = text.plist.xml; path = Info.plist; sourceTree = "<group>"; };
/* End PBXFileReference section */

/* Begin PBXFrameworksBuildPhase section */
		325B01F21DC714900077B686 /* Frameworks */ = {
			isa = PBXFrameworksBuildPhase;
			buildActionMask = 2147483647;
			files = (
			);
			runOnlyForDeploymentPostprocessing = 0;
		};
/* End PBXFrameworksBuildPhase section */

/* Begin PBXGroup section */
		325B01EC1DC714900077B686 = {
			isa = PBXGroup;
			children = (
				325B01F71DC714900077B686 /* mockWKWebView2 */,
				325B01F61DC714900077B686 /* Products */,
			);
			sourceTree = "<group>";
		};
		325B01F61DC714900077B686 /* Products */ = {
			isa = PBXGroup;
			children = (
				325B01F51DC714900077B686 /* mockWKWebView2.app */,
			);
			name = Products;
			sourceTree = "<group>";
		};
		325B01F71DC714900077B686 /* mockWKWebView2 */ = {
			isa = PBXGroup;
			children = (
				325B01F81DC714900077B686 /* AppDelegate.swift */,
				325B01FA1DC714900077B686 /* FirstViewController.swift */,
				325B01FC1DC714900077B686 /* SecondViewController.swift */,
				325B01FE1DC714900077B686 /* Main.storyboard */,
				325B02011DC714900077B686 /* Assets.xcassets */,
				325B02031DC714900077B686 /* LaunchScreen.storyboard */,
				325B02061DC714900077B686 /* Info.plist */,
			);
			path = mockWKWebView2;
			sourceTree = "<group>";
		};
/* End PBXGroup section */

/* Begin PBXNativeTarget section */
		325B01F41DC714900077B686 /* mockWKWebView2 */ = {
			isa = PBXNativeTarget;
			buildConfigurationList = 325B02091DC714900077B686 /* Build configuration list for PBXNativeTarget "mockWKWebView2" */;
			buildPhases = (
				325B01F11DC714900077B686 /* Sources */,
				325B01F21DC714900077B686 /* Frameworks */,
				325B01F31DC714900077B686 /* Resources */,
			);
			buildRules = (
			);
			dependencies = (
			);
			name = mockWKWebView2;
			productName = mockWKWebView2;
			productReference = 325B01F51DC714900077B686 /* mockWKWebView2.app */;
			productType = "com.apple.product-type.application";
		};
/* End PBXNativeTarget section */

/* Begin PBXProject section */
		325B01ED1DC714900077B686 /* Project object */ = {
			isa = PBXProject;
			attributes = {
				LastSwiftUpdateCheck = 0810;
				LastUpgradeCheck = 0810;
				ORGANIZATIONNAME = mzgk;
				TargetAttributes = {
					325B01F41DC714900077B686 = {
						CreatedOnToolsVersion = 8.1;
						DevelopmentTeam = 9B357NMPCP;
						ProvisioningStyle = Automatic;
					};
				};
			};
			buildConfigurationList = 325B01F01DC714900077B686 /* Build configuration list for PBXProject "mockWKWebView2" */;
			compatibilityVersion = "Xcode 3.2";
			developmentRegion = English;
			hasScannedForEncodings = 0;
			knownRegions = (
				en,
				Base,
			);
			mainGroup = 325B01EC1DC714900077B686;
			productRefGroup = 325B01F61DC714900077B686 /* Products */;
			projectDirPath = "";
			projectRoot = "";
			targets = (
				325B01F41DC714900077B686 /* mockWKWebView2 */,
			);
		};
/* End PBXProject section */

/* Begin PBXResourcesBuildPhase section */
		325B01F31DC714900077B686 /* Resources */ = {
			isa = PBXResourcesBuildPhase;
			buildActionMask = 2147483647;
			files = (
				325B02051DC714900077B686 /* LaunchScreen.storyboard in Resources */,
				325B02021DC714900077B686 /* Assets.xcassets in Resources */,
				325B02001DC714900077B686 /* Main.storyboard in Resources */,
			);
			runOnlyForDeploymentPostprocessing = 0;
		};
/* End PBXResourcesBuildPhase section */

/* Begin PBXSourcesBuildPhase section */
		325B01F11DC714900077B686 /* Sources */ = {
			isa = PBXSourcesBuildPhase;
			buildActionMask = 2147483647;
			files = (
				325B01FD1DC714900077B686 /* SecondViewController.swift in Sources */,
				325B01F91DC714900077B686 /* AppDelegate.swift in Sources */,
				325B01FB1DC714900077B686 /* FirstViewController.swift in Sources */,
			);
			runOnlyForDeploymentPostprocessing = 0;
		};
/* End PBXSourcesBuildPhase section */

/* Begin PBXVariantGroup section */
		325B01FE1DC714900077B686 /* Main.storyboard */ = {
			isa = PBXVariantGroup;
			children = (
				325B01FF1DC714900077B686 /* Base */,
			);
			name = Main.storyboard;
			sourceTree = "<group>";
		};
		325B02031DC714900077B686 /* LaunchScreen.storyboard */ = {
			isa = PBXVariantGroup;
			children = (
				325B02041DC714900077B686 /* Base */,
			);
			name = LaunchScreen.storyboard;
			sourceTree = "<group>";
		};
/* End PBXVariantGroup section */

/* Begin XCBuildConfiguration section */
		325B02071DC714900077B686 /* Debug */ = {
			isa = XCBuildConfiguration;
			buildSettings = {
				ALWAYS_SEARCH_USER_PATHS = NO;
				CLANG_ANALYZER_NONNULL = YES;
				CLANG_CXX_LANGUAGE_STANDARD = "gnu++0x";
				CLANG_CXX_LIBRARY = "libc++";
				CLANG_ENABLE_MODULES = YES;
				CLANG_ENABLE_OBJC_ARC = YES;
				CLANG_WARN_BOOL_CONVERSION = YES;
				CLANG_WARN_CONSTANT_CONVERSION = YES;
				CLANG_WARN_DIRECT_OBJC_ISA_USAGE = YES_ERROR;
				CLANG_WARN_DOCUMENTATION_COMMENTS = YES;
				CLANG_WARN_EMPTY_BODY = YES;
				CLANG_WARN_ENUM_CONVERSION = YES;
				CLANG_WARN_INFINITE_RECURSION = YES;
				CLANG_WARN_INT_CONVERSION = YES;
				CLANG_WARN_OBJC_ROOT_CLASS = YES_ERROR;
				CLANG_WARN_SUSPICIOUS_MOVES = YES;
				CLANG_WARN_UNREACHABLE_CODE = YES;
				CLANG_WARN__DUPLICATE_METHOD_MATCH = YES;
				"CODE_SIGN_IDENTITY[sdk=iphoneos*]" = "iPhone Developer";
				COPY_PHASE_STRIP = NO;
				DEBUG_INFORMATION_FORMAT = dwarf;
				ENABLE_STRICT_OBJC_MSGSEND = YES;
				ENABLE_TESTABILITY = YES;
				GCC_C_LANGUAGE_STANDARD = gnu99;
				GCC_DYNAMIC_NO_PIC = NO;
				GCC_NO_COMMON_BLOCKS = YES;
				GCC_OPTIMIZATION_LEVEL = 0;
				GCC_PREPROCESSOR_DEFINITIONS = (
					"DEBUG=1",
					"$(inherited)",
				);
				GCC_WARN_64_TO_32_BIT_CONVERSION = YES;
				GCC_WARN_ABOUT_RETURN_TYPE = YES_ERROR;
				GCC_WARN_UNDECLARED_SELECTOR = YES;
				GCC_WARN_UNINITIALIZED_AUTOS = YES_AGGRESSIVE;
				GCC_WARN_UNUSED_FUNCTION = YES;
				GCC_WARN_UNUSED_VARIABLE = YES;
				IPHONEOS_DEPLOYMENT_TARGET = 10.1;
				MTL_ENABLE_DEBUG_INFO = YES;
				ONLY_ACTIVE_ARCH = YES;
				SDKROOT = iphoneos;
				SWIFT_ACTIVE_COMPILATION_CONDITIONS = DEBUG;
				SWIFT_OPTIMIZATION_LEVEL = "-Onone";
				TARGETED_DEVICE_FAMILY = 2;
			};
			name = Debug;
		};
		325B02081DC714900077B686 /* Release */ = {
			isa = XCBuildConfiguration;
			buildSettings = {
				ALWAYS_SEARCH_USER_PATHS = NO;
				CLANG_ANALYZER_NONNULL = YES;
				CLANG_CXX_LANGUAGE_STANDARD = "gnu++0x";
				CLANG_CXX_LIBRARY = "libc++";
				CLANG_ENABLE_MODULES = YES;
				CLANG_ENABLE_OBJC_ARC = YES;
				CLANG_WARN_BOOL_CONVERSION = YES;
				CLANG_WARN_CONSTANT_CONVERSION = YES;
				CLANG_WARN_DIRECT_OBJC_ISA_USAGE = YES_ERROR;
				CLANG_WARN_DOCUMENTATION_COMMENTS = YES;
				CLANG_WARN_EMPTY_BODY = YES;
				CLANG_WARN_ENUM_CONVERSION = YES;
				CLANG_WARN_INFINITE_RECURSION = YES;
				CLANG_WARN_INT_CONVERSION = YES;
				CLANG_WARN_OBJC_ROOT_CLASS = YES_ERROR;
				CLANG_WARN_SUSPICIOUS_MOVES = YES;
				CLANG_WARN_UNREACHABLE_CODE = YES;
				CLANG_WARN__DUPLICATE_METHOD_MATCH = YES;
				"CODE_SIGN_IDENTITY[sdk=iphoneos*]" = "iPhone Developer";
				COPY_PHASE_STRIP = NO;
				DEBUG_INFORMATION_FORMAT = "dwarf-with-dsym";
				ENABLE_NS_ASSERTIONS = NO;
				ENABLE_STRICT_OBJC_MSGSEND = YES;
				GCC_C_LANGUAGE_STANDARD = gnu99;
				GCC_NO_COMMON_BLOCKS = YES;
				GCC_WARN_64_TO_32_BIT_CONVERSION = YES;
				GCC_WARN_ABOUT_RETURN_TYPE = YES_ERROR;
				GCC_WARN_UNDECLARED_SELECTOR = YES;
				GCC_WARN_UNINITIALIZED_AUTOS = YES_AGGRESSIVE;
				GCC_WARN_UNUSED_FUNCTION = YES;
				GCC_WARN_UNUSED_VARIABLE = YES;
				IPHONEOS_DEPLOYMENT_TARGET = 10.1;
				MTL_ENABLE_DEBUG_INFO = NO;
				SDKROOT = iphoneos;
				SWIFT_OPTIMIZATION_LEVEL = "-Owholemodule";
				TARGETED_DEVICE_FAMILY = 2;
				VALIDATE_PRODUCT = YES;
			};
			name = Release;
		};
		325B020A1DC714900077B686 /* Debug */ = {
			isa = XCBuildConfiguration;
			buildSettings = {
				ASSETCATALOG_COMPILER_APPICON_NAME = AppIcon;
				DEVELOPMENT_TEAM = 9B357NMPCP;
				INFOPLIST_FILE = mockWKWebView2/Info.plist;
				LD_RUNPATH_SEARCH_PATHS = "$(inherited) @executable_path/Frameworks";
				PRODUCT_BUNDLE_IDENTIFIER = com.mzgkworks.mockWKWebView2;
				PRODUCT_NAME = "$(TARGET_NAME)";
				SWIFT_VERSION = 3.0;
			};
			name = Debug;
		};
		325B020B1DC714900077B686 /* Release */ = {
			isa = XCBuildConfiguration;
			buildSettings = {
				ASSETCATALOG_COMPILER_APPICON_NAME = AppIcon;
				DEVELOPMENT_TEAM = 9B357NMPCP;
				INFOPLIST_FILE = mockWKWebView2/Info.plist;
				LD_RUNPATH_SEARCH_PATHS = "$(inherited) @executable_path/Frameworks";
				PRODUCT_BUNDLE_IDENTIFIER = com.mzgkworks.mockWKWebView2;
				PRODUCT_NAME = "$(TARGET_NAME)";
				SWIFT_VERSION = 3.0;
			};
			name = Release;
		};
/* End XCBuildConfiguration section */

/* Begin XCConfigurationList section */
		325B01F01DC714900077B686 /* Build configuration list for PBXProject "mockWKWebView2" */ = {
			isa = XCConfigurationList;
			buildConfigurations = (
				325B02071DC714900077B686 /* Debug */,
				325B02081DC714900077B686 /* Release */,
			);
			defaultConfigurationIsVisible = 0;
			defaultConfigurationName = Release;
		};
		325B02091DC714900077B686 /* Build configuration list for PBXNativeTarget "mockWKWebView2" */ = {
			isa = XCConfigurationList;
			buildConfigurations = (
				325B020A1DC714900077B686 /* Debug */,
				325B020B1DC714900077B686 /* Release */,
			);
			defaultConfigurationIsVisible = 0;
		};
/* End XCConfigurationList section */
	};
	rootObject = 325B01ED1DC714900077B686 /* Project object */;
}
